
Microsoft Visual Studio Solution File, Format Version 12.00
# Visual Studio Version 17
VisualStudioVersion = 17.0.31903.59
MinimumVisualStudioVersion = 10.0.40219.1
Project("{FAE04EC0-301F-11D3-BF4B-00C04F79EFBC}") = "Application", "Application\Application.csproj", "{B0D2145C-B0E3-4E1A-937A-1CADA46ECB6F}"
EndProject
Project("{FAE04EC0-301F-11D3-BF4B-00C04F79EFBC}") = "Tests", "Tests\Tests.csproj", "{99F414DC-1ABF-4536-BC2B-6A3BFFF70F52}"
EndProject
Project("{FAE04EC0-301F-11D3-BF4B-00C04F79EFBC}") = "Infra", "Infra\Infra.csproj", "{C6E887DF-377E-4385-AE78-5816B1EEE527}"
EndProject
Project("{FAE04EC0-301F-11D3-BF4B-00C04F79EFBC}") = "Domain", "Domain\Domain.csproj", "{792B2666-D4A7-43E4-A0CD-18648004D1B9}"
EndProject
Global
	GlobalSection(SolutionConfigurationPlatforms) = preSolution
		Debug|Any CPU = Debug|Any CPU
		Release|Any CPU = Release|Any CPU
	EndGlobalSection
	GlobalSection(SolutionProperties) = preSolution
		HideSolutionNode = FALSE
	EndGlobalSection
	GlobalSection(ProjectConfigurationPlatforms) = postSolution
		{B0D2145C-B0E3-4E1A-937A-1CADA46ECB6F}.Debug|Any CPU.ActiveCfg = Debug|Any CPU
		{B0D2145C-B0E3-4E1A-937A-1CADA46ECB6F}.Debug|Any CPU.Build.0 = Debug|Any CPU
		{B0D2145C-B0E3-4E1A-937A-1CADA46ECB6F}.Release|Any CPU.ActiveCfg = Release|Any CPU
		{B0D2145C-B0E3-4E1A-937A-1CADA46ECB6F}.Release|Any CPU.Build.0 = Release|Any CPU
		{99F414DC-1ABF-4536-BC2B-6A3BFFF70F52}.Debug|Any CPU.ActiveCfg = Debug|Any CPU
		{99F414DC-1ABF-4536-BC2B-6A3BFFF70F52}.Debug|Any CPU.Build.0 = Debug|Any CPU
		{99F414DC-1ABF-4536-BC2B-6A3BFFF70F52}.Release|Any CPU.ActiveCfg = Release|Any CPU
		{99F414DC-1ABF-4536-BC2B-6A3BFFF70F52}.Release|Any CPU.Build.0 = Release|Any CPU
		{C6E887DF-377E-4385-AE78-5816B1EEE527}.Debug|Any CPU.ActiveCfg = Debug|Any CPU
		{C6E887DF-377E-4385-AE78-5816B1EEE527}.Debug|Any CPU.Build.0 = Debug|Any CPU
		{C6E887DF-377E-4385-AE78-5816B1EEE527}.Release|Any CPU.ActiveCfg = Release|Any CPU
		{C6E887DF-377E-4385-AE78-5816B1EEE527}.Release|Any CPU.Build.0 = Release|Any CPU
		{792B2666-D4A7-43E4-A0CD-18648004D1B9}.Debug|Any CPU.ActiveCfg = Debug|Any CPU
		{792B2666-D4A7-43E4-A0CD-18648004D1B9}.Debug|Any CPU.Build.0 = Debug|Any CPU
		{792B2666-D4A7-43E4-A0CD-18648004D1B9}.Release|Any CPU.ActiveCfg = Release|Any CPU
		{792B2666-D4A7-43E4-A0CD-18648004D1B9}.Release|Any CPU.Build.0 = Release|Any CPU
	EndGlobalSection
EndGlobal
